// !$*UTF8*$!
{
	archiveVersion = 1;
	classes = {
	};
	objectVersion = 46;
	objects = {

/* Begin PBXBuildFile section */
		B441EA13A89E0352F6773458 /* Pods_Live.framework in Frameworks */ = {isa = PBXBuildFile; fileRef = 392497939D0C37C7776F3F6B /* Pods_Live.framework */; };
		E30A9C831DFBE3E900C13054 /* LYBaseViewController.swift in Sources */ = {isa = PBXBuildFile; fileRef = E30A9C821DFBE3E900C13054 /* LYBaseViewController.swift */; };
		E30A9C851DFBFFF700C13054 /* LYRecommendController.swift in Sources */ = {isa = PBXBuildFile; fileRef = E30A9C841DFBFFF700C13054 /* LYRecommendController.swift */; };
		E30A9C871DFC0BA700C13054 /* LYPhoneGameController.swift in Sources */ = {isa = PBXBuildFile; fileRef = E30A9C861DFC0BA700C13054 /* LYPhoneGameController.swift */; };
		E30A9C891DFC0BED00C13054 /* LYAmuseController.swift in Sources */ = {isa = PBXBuildFile; fileRef = E30A9C881DFC0BED00C13054 /* LYAmuseController.swift */; };
		E30A9C8B1DFC0BFF00C13054 /* LYGameViewController.swift in Sources */ = {isa = PBXBuildFile; fileRef = E30A9C8A1DFC0BFF00C13054 /* LYGameViewController.swift */; };
		E30A9C8D1DFC0C0800C13054 /* LYFunnyViewController.swift in Sources */ = {isa = PBXBuildFile; fileRef = E30A9C8C1DFC0C0800C13054 /* LYFunnyViewController.swift */; };
		E30A9C8F1DFC0CBA00C13054 /* LYBaseAnchorViewController.swift in Sources */ = {isa = PBXBuildFile; fileRef = E30A9C8E1DFC0CBA00C13054 /* LYBaseAnchorViewController.swift */; };
		E3A0AE641DF6C10C0018CC80 /* LYRootViewController.swift in Sources */ = {isa = PBXBuildFile; fileRef = E3A0AE631DF6C10C0018CC80 /* LYRootViewController.swift */; };
		E3A0AE691DF6C1B00018CC80 /* LYHomeViewController.swift in Sources */ = {isa = PBXBuildFile; fileRef = E3A0AE681DF6C1B00018CC80 /* LYHomeViewController.swift */; };
		E3A0AE6B1DF6FAD50018CC80 /* UIBarButtonItem-Extension.swift in Sources */ = {isa = PBXBuildFile; fileRef = E3A0AE6A1DF6FAD50018CC80 /* UIBarButtonItem-Extension.swift */; };
		E3A0AE6D1DF703760018CC80 /* LYNavigationController.swift in Sources */ = {isa = PBXBuildFile; fileRef = E3A0AE6C1DF703760018CC80 /* LYNavigationController.swift */; };
		E3A0AE721DFA3EB30018CC80 /* LYCommon.swift in Sources */ = {isa = PBXBuildFile; fileRef = E3A0AE711DFA3EB30018CC80 /* LYCommon.swift */; };
		E3A0AE741DFA46A50018CC80 /* LYPageTitleView.swift in Sources */ = {isa = PBXBuildFile; fileRef = E3A0AE731DFA46A50018CC80 /* LYPageTitleView.swift */; };
		E3A0AE761DFA51810018CC80 /* UIColor-Extension.swift in Sources */ = {isa = PBXBuildFile; fileRef = E3A0AE751DFA51810018CC80 /* UIColor-Extension.swift */; };
		E3A0AE781DFA6F180018CC80 /* LYPageContentView.swift in Sources */ = {isa = PBXBuildFile; fileRef = E3A0AE771DFA6F180018CC80 /* LYPageContentView.swift */; };
		E3F3F0801D9572DD00B4CAF3 /* AppDelegate.swift in Sources */ = {isa = PBXBuildFile; fileRef = E3F3F07F1D9572DD00B4CAF3 /* AppDelegate.swift */; };
		E3F3F0871D9572DD00B4CAF3 /* Assets.xcassets in Resources */ = {isa = PBXBuildFile; fileRef = E3F3F0861D9572DD00B4CAF3 /* Assets.xcassets */; };
		E3F3F08A1D9572DD00B4CAF3 /* LaunchScreen.storyboard in Resources */ = {isa = PBXBuildFile; fileRef = E3F3F0881D9572DD00B4CAF3 /* LaunchScreen.storyboard */; };
/* End PBXBuildFile section */

/* Begin PBXFileReference section */
		392497939D0C37C7776F3F6B /* Pods_Live.framework */ = {isa = PBXFileReference; explicitFileType = wrapper.framework; includeInIndex = 0; path = Pods_Live.framework; sourceTree = BUILT_PRODUCTS_DIR; };
		6FCF3F1E92E9744F5E4020F7 /* Pods-Live.release.xcconfig */ = {isa = PBXFileReference; includeInIndex = 1; lastKnownFileType = text.xcconfig; name = "Pods-Live.release.xcconfig"; path = "Pods/Target Support Files/Pods-Live/Pods-Live.release.xcconfig"; sourceTree = "<group>"; };
		7B2434F77F8CFFC81E817C72 /* Pods-Live.debug.xcconfig */ = {isa = PBXFileReference; includeInIndex = 1; lastKnownFileType = text.xcconfig; name = "Pods-Live.debug.xcconfig"; path = "Pods/Target Support Files/Pods-Live/Pods-Live.debug.xcconfig"; sourceTree = "<group>"; };
		E30A9C821DFBE3E900C13054 /* LYBaseViewController.swift */ = {isa = PBXFileReference; fileEncoding = 4; lastKnownFileType = sourcecode.swift; path = LYBaseViewController.swift; sourceTree = "<group>"; };
		E30A9C841DFBFFF700C13054 /* LYRecommendController.swift */ = {isa = PBXFileReference; fileEncoding = 4; lastKnownFileType = sourcecode.swift; path = LYRecommendController.swift; sourceTree = "<group>"; };
		E30A9C861DFC0BA700C13054 /* LYPhoneGameController.swift */ = {isa = PBXFileReference; fileEncoding = 4; lastKnownFileType = sourcecode.swift; path = LYPhoneGameController.swift; sourceTree = "<group>"; };
		E30A9C881DFC0BED00C13054 /* LYAmuseController.swift */ = {isa = PBXFileReference; fileEncoding = 4; lastKnownFileType = sourcecode.swift; path = LYAmuseController.swift; sourceTree = "<group>"; };
		E30A9C8A1DFC0BFF00C13054 /* LYGameViewController.swift */ = {isa = PBXFileReference; fileEncoding = 4; lastKnownFileType = sourcecode.swift; path = LYGameViewController.swift; sourceTree = "<group>"; };
		E30A9C8C1DFC0C0800C13054 /* LYFunnyViewController.swift */ = {isa = PBXFileReference; fileEncoding = 4; lastKnownFileType = sourcecode.swift; path = LYFunnyViewController.swift; sourceTree = "<group>"; };
		E30A9C8E1DFC0CBA00C13054 /* LYBaseAnchorViewController.swift */ = {isa = PBXFileReference; fileEncoding = 4; lastKnownFileType = sourcecode.swift; path = LYBaseAnchorViewController.swift; sourceTree = "<group>"; };
		E3A0AE631DF6C10C0018CC80 /* LYRootViewController.swift */ = {isa = PBXFileReference; fileEncoding = 4; lastKnownFileType = sourcecode.swift; path = LYRootViewController.swift; sourceTree = "<group>"; };
		E3A0AE681DF6C1B00018CC80 /* LYHomeViewController.swift */ = {isa = PBXFileReference; fileEncoding = 4; lastKnownFileType = sourcecode.swift; path = LYHomeViewController.swift; sourceTree = "<group>"; };
		E3A0AE6A1DF6FAD50018CC80 /* UIBarButtonItem-Extension.swift */ = {isa = PBXFileReference; fileEncoding = 4; lastKnownFileType = sourcecode.swift; path = "UIBarButtonItem-Extension.swift"; sourceTree = "<group>"; };
		E3A0AE6C1DF703760018CC80 /* LYNavigationController.swift */ = {isa = PBXFileReference; fileEncoding = 4; lastKnownFileType = sourcecode.swift; path = LYNavigationController.swift; sourceTree = "<group>"; };
		E3A0AE711DFA3EB30018CC80 /* LYCommon.swift */ = {isa = PBXFileReference; fileEncoding = 4; lastKnownFileType = sourcecode.swift; path = LYCommon.swift; sourceTree = "<group>"; };
		E3A0AE731DFA46A50018CC80 /* LYPageTitleView.swift */ = {isa = PBXFileReference; fileEncoding = 4; lastKnownFileType = sourcecode.swift; path = LYPageTitleView.swift; sourceTree = "<group>"; };
		E3A0AE751DFA51810018CC80 /* UIColor-Extension.swift */ = {isa = PBXFileReference; fileEncoding = 4; lastKnownFileType = sourcecode.swift; path = "UIColor-Extension.swift"; sourceTree = "<group>"; };
		E3A0AE771DFA6F180018CC80 /* LYPageContentView.swift */ = {isa = PBXFileReference; fileEncoding = 4; lastKnownFileType = sourcecode.swift; path = LYPageContentView.swift; sourceTree = "<group>"; };
		E3F3F07C1D9572DD00B4CAF3 /* Live.app */ = {isa = PBXFileReference; explicitFileType = wrapper.application; includeInIndex = 0; path = Live.app; sourceTree = BUILT_PRODUCTS_DIR; };
		E3F3F07F1D9572DD00B4CAF3 /* AppDelegate.swift */ = {isa = PBXFileReference; lastKnownFileType = sourcecode.swift; path = AppDelegate.swift; sourceTree = "<group>"; };
		E3F3F0861D9572DD00B4CAF3 /* Assets.xcassets */ = {isa = PBXFileReference; lastKnownFileType = folder.assetcatalog; path = Assets.xcassets; sourceTree = "<group>"; };
		E3F3F0891D9572DD00B4CAF3 /* Base */ = {isa = PBXFileReference; lastKnownFileType = file.storyboard; name = Base; path = Base.lproj/LaunchScreen.storyboard; sourceTree = "<group>"; };
		E3F3F08B1D9572DD00B4CAF3 /* Info.plist */ = {isa = PBXFileReference; lastKnownFileType = text.plist.xml; path = Info.plist; sourceTree = "<group>"; };
/* End PBXFileReference section */

/* Begin PBXFrameworksBuildPhase section */
		E3F3F0791D9572DD00B4CAF3 /* Frameworks */ = {
			isa = PBXFrameworksBuildPhase;
			buildActionMask = 2147483647;
			files = (
				B441EA13A89E0352F6773458 /* Pods_Live.framework in Frameworks */,
			);
			runOnlyForDeploymentPostprocessing = 0;
		};
/* End PBXFrameworksBuildPhase section */

/* Begin PBXGroup section */
		2A5AF43CA67F8BE3137E29DA /* Frameworks */ = {
			isa = PBXGroup;
			children = (
				392497939D0C37C7776F3F6B /* Pods_Live.framework */,
			);
			name = Frameworks;
			sourceTree = "<group>";
		};
		AE8B241D2C5F00AF88E8FAED /* Pods */ = {
			isa = PBXGroup;
			children = (
				7B2434F77F8CFFC81E817C72 /* Pods-Live.debug.xcconfig */,
				6FCF3F1E92E9744F5E4020F7 /* Pods-Live.release.xcconfig */,
			);
			name = Pods;
			sourceTree = "<group>";
		};
		E30A9C811DFBE3D500C13054 /* Controller */ = {
			isa = PBXGroup;
			children = (
				E30A9C821DFBE3E900C13054 /* LYBaseViewController.swift */,
				E30A9C8E1DFC0CBA00C13054 /* LYBaseAnchorViewController.swift */,
			);
			path = Controller;
			sourceTree = "<group>";
		};
		E3A0AE591DF6C0910018CC80 /* Classes */ = {
			isa = PBXGroup;
			children = (
				E3A0AE701DFA3EA20018CC80 /* Config */,
				E3A0AE5F1DF6C0C40018CC80 /* Module */,
				E3A0AE5A1DF6C0910018CC80 /* Application */,
				E3A0AE5B1DF6C0910018CC80 /* Categories */,
				E3A0AE5C1DF6C0910018CC80 /* Resources */,
				E3A0AE5D1DF6C0910018CC80 /* Utils */,
				E3A0AE5E1DF6C0910018CC80 /* Vendor */,
			);
			path = Classes;
			sourceTree = "<group>";
		};
		E3A0AE5A1DF6C0910018CC80 /* Application */ = {
			isa = PBXGroup;
			children = (
				E30A9C811DFBE3D500C13054 /* Controller */,
			);
			path = Application;
			sourceTree = "<group>";
		};
		E3A0AE5B1DF6C0910018CC80 /* Categories */ = {
			isa = PBXGroup;
			children = (
				E3A0AE6A1DF6FAD50018CC80 /* UIBarButtonItem-Extension.swift */,
				E3A0AE751DFA51810018CC80 /* UIColor-Extension.swift */,
			);
			path = Categories;
			sourceTree = "<group>";
		};
		E3A0AE5C1DF6C0910018CC80 /* Resources */ = {
			isa = PBXGroup;
			children = (
			);
			path = Resources;
			sourceTree = "<group>";
		};
		E3A0AE5D1DF6C0910018CC80 /* Utils */ = {
			isa = PBXGroup;
			children = (
			);
			path = Utils;
			sourceTree = "<group>";
		};
		E3A0AE5E1DF6C0910018CC80 /* Vendor */ = {
			isa = PBXGroup;
			children = (
			);
			path = Vendor;
			sourceTree = "<group>";
		};
		E3A0AE5F1DF6C0C40018CC80 /* Module */ = {
			isa = PBXGroup;
			children = (
				E3A0AE651DF6C19D0018CC80 /* Home */,
				E3A0AE601DF6C0E30018CC80 /* Main */,
			);
			path = Module;
			sourceTree = "<group>";
		};
		E3A0AE601DF6C0E30018CC80 /* Main */ = {
			isa = PBXGroup;
			children = (
				E3A0AE611DF6C0F80018CC80 /* Controller */,
				E3A0AE621DF6C0F80018CC80 /* View */,
			);
			path = Main;
			sourceTree = "<group>";
		};
		E3A0AE611DF6C0F80018CC80 /* Controller */ = {
			isa = PBXGroup;
			children = (
				E3A0AE631DF6C10C0018CC80 /* LYRootViewController.swift */,
				E3A0AE6C1DF703760018CC80 /* LYNavigationController.swift */,
			);
			path = Controller;
			sourceTree = "<group>";
		};
		E3A0AE621DF6C0F80018CC80 /* View */ = {
			isa = PBXGroup;
			children = (
			);
			path = View;
			sourceTree = "<group>";
		};
		E3A0AE651DF6C19D0018CC80 /* Home */ = {
			isa = PBXGroup;
			children = (
				E3A0AE661DF6C19D0018CC80 /* Controller */,
				E3A0AE671DF6C19D0018CC80 /* View */,
			);
			path = Home;
			sourceTree = "<group>";
		};
		E3A0AE661DF6C19D0018CC80 /* Controller */ = {
			isa = PBXGroup;
			children = (
				E3A0AE681DF6C1B00018CC80 /* LYHomeViewController.swift */,
				E30A9C841DFBFFF700C13054 /* LYRecommendController.swift */,
				E30A9C861DFC0BA700C13054 /* LYPhoneGameController.swift */,
				E30A9C881DFC0BED00C13054 /* LYAmuseController.swift */,
				E30A9C8A1DFC0BFF00C13054 /* LYGameViewController.swift */,
				E30A9C8C1DFC0C0800C13054 /* LYFunnyViewController.swift */,
			);
			path = Controller;
			sourceTree = "<group>";
		};
		E3A0AE671DF6C19D0018CC80 /* View */ = {
			isa = PBXGroup;
			children = (
				E3A0AE731DFA46A50018CC80 /* LYPageTitleView.swift */,
				E3A0AE771DFA6F180018CC80 /* LYPageContentView.swift */,
			);
			path = View;
			sourceTree = "<group>";
		};
		E3A0AE701DFA3EA20018CC80 /* Config */ = {
			isa = PBXGroup;
			children = (
				E3A0AE711DFA3EB30018CC80 /* LYCommon.swift */,
			);
			path = Config;
			sourceTree = "<group>";
		};
		E3F3F0731D9572DD00B4CAF3 = {
			isa = PBXGroup;
			children = (
				E3F3F07E1D9572DD00B4CAF3 /* Live */,
				E3F3F07D1D9572DD00B4CAF3 /* Products */,
				AE8B241D2C5F00AF88E8FAED /* Pods */,
				2A5AF43CA67F8BE3137E29DA /* Frameworks */,
			);
			sourceTree = "<group>";
		};
		E3F3F07D1D9572DD00B4CAF3 /* Products */ = {
			isa = PBXGroup;
			children = (
				E3F3F07C1D9572DD00B4CAF3 /* Live.app */,
			);
			name = Products;
			sourceTree = "<group>";
		};
		E3F3F07E1D9572DD00B4CAF3 /* Live */ = {
			isa = PBXGroup;
			children = (
				E3A0AE591DF6C0910018CC80 /* Classes */,
				E3F3F07F1D9572DD00B4CAF3 /* AppDelegate.swift */,
				E3F3F0861D9572DD00B4CAF3 /* Assets.xcassets */,
				E3F3F0881D9572DD00B4CAF3 /* LaunchScreen.storyboard */,
				E3F3F08B1D9572DD00B4CAF3 /* Info.plist */,
			);
			path = Live;
			sourceTree = "<group>";
		};
/* End PBXGroup section */

/* Begin PBXNativeTarget section */
		E3F3F07B1D9572DD00B4CAF3 /* Live */ = {
			isa = PBXNativeTarget;
			buildConfigurationList = E3F3F08E1D9572DD00B4CAF3 /* Build configuration list for PBXNativeTarget "Live" */;
			buildPhases = (
				F27FDF3E6A2E56B713A5913A /* [CP] Check Pods Manifest.lock */,
				E3F3F0781D9572DD00B4CAF3 /* Sources */,
				E3F3F0791D9572DD00B4CAF3 /* Frameworks */,
				E3F3F07A1D9572DD00B4CAF3 /* Resources */,
				ABC7756C2AB52189BF469C19 /* [CP] Embed Pods Frameworks */,
				C17F4A093FD3610DB3715486 /* [CP] Copy Pods Resources */,
			);
			buildRules = (
			);
			dependencies = (
			);
			name = Live;
			productName = Live;
			productReference = E3F3F07C1D9572DD00B4CAF3 /* Live.app */;
			productType = "com.apple.product-type.application";
		};
/* End PBXNativeTarget section */

/* Begin PBXProject section */
		E3F3F0741D9572DD00B4CAF3 /* Project object */ = {
			isa = PBXProject;
			attributes = {
				CLASSPREFIX = LY;
				LastSwiftUpdateCheck = 0730;
				LastUpgradeCheck = 0730;
				ORGANIZATIONNAME = luyu;
				TargetAttributes = {
					E3F3F07B1D9572DD00B4CAF3 = {
						CreatedOnToolsVersion = 7.3.1;
						LastSwiftMigration = 0810;
					};
				};
			};
			buildConfigurationList = E3F3F0771D9572DD00B4CAF3 /* Build configuration list for PBXProject "Live" */;
			compatibilityVersion = "Xcode 3.2";
			developmentRegion = English;
			hasScannedForEncodings = 0;
			knownRegions = (
				en,
				Base,
			);
			mainGroup = E3F3F0731D9572DD00B4CAF3;
			productRefGroup = E3F3F07D1D9572DD00B4CAF3 /* Products */;
			projectDirPath = "";
			projectRoot = "";
			targets = (
				E3F3F07B1D9572DD00B4CAF3 /* Live */,
			);
		};
/* End PBXProject section */

/* Begin PBXResourcesBuildPhase section */
		E3F3F07A1D9572DD00B4CAF3 /* Resources */ = {
			isa = PBXResourcesBuildPhase;
			buildActionMask = 2147483647;
			files = (
				E3F3F08A1D9572DD00B4CAF3 /* LaunchScreen.storyboard in Resources */,
				E3F3F0871D9572DD00B4CAF3 /* Assets.xcassets in Resources */,
			);
			runOnlyForDeploymentPostprocessing = 0;
		};
/* End PBXResourcesBuildPhase section */

/* Begin PBXShellScriptBuildPhase section */
		ABC7756C2AB52189BF469C19 /* [CP] Embed Pods Frameworks */ = {
			isa = PBXShellScriptBuildPhase;
			buildActionMask = 2147483647;
			files = (
			);
			inputPaths = (
			);
			name = "[CP] Embed Pods Frameworks";
			outputPaths = (
			);
			runOnlyForDeploymentPostprocessing = 0;
			shellPath = /bin/sh;
			shellScript = "\"${SRCROOT}/Pods/Target Support Files/Pods-Live/Pods-Live-frameworks.sh\"\n";
			showEnvVarsInLog = 0;
		};
		C17F4A093FD3610DB3715486 /* [CP] Copy Pods Resources */ = {
			isa = PBXShellScriptBuildPhase;
			buildActionMask = 2147483647;
			files = (
			);
			inputPaths = (
			);
			name = "[CP] Copy Pods Resources";
			outputPaths = (
			);
			runOnlyForDeploymentPostprocessing = 0;
			shellPath = /bin/sh;
			shellScript = "\"${SRCROOT}/Pods/Target Support Files/Pods-Live/Pods-Live-resources.sh\"\n";
			showEnvVarsInLog = 0;
		};
		F27FDF3E6A2E56B713A5913A /* [CP] Check Pods Manifest.lock */ = {
			isa = PBXShellScriptBuildPhase;
			buildActionMask = 2147483647;
			files = (
			);
			inputPaths = (
			);
			name = "[CP] Check Pods Manifest.lock";
			outputPaths = (
			);
			runOnlyForDeploymentPostprocessing = 0;
			shellPath = /bin/sh;
			shellScript = "diff \"${PODS_ROOT}/../Podfile.lock\" \"${PODS_ROOT}/Manifest.lock\" > /dev/null\nif [ $? != 0 ] ; then\n    # print error to STDERR\n    echo \"error: The sandbox is not in sync with the Podfile.lock. Run 'pod install' or update your CocoaPods installation.\" >&2\n    exit 1\nfi\n";
			showEnvVarsInLog = 0;
		};
/* End PBXShellScriptBuildPhase section */

/* Begin PBXSourcesBuildPhase section */
		E3F3F0781D9572DD00B4CAF3 /* Sources */ = {
			isa = PBXSourcesBuildPhase;
			buildActionMask = 2147483647;
			files = (
				E30A9C831DFBE3E900C13054 /* LYBaseViewController.swift in Sources */,
				E30A9C8B1DFC0BFF00C13054 /* LYGameViewController.swift in Sources */,
				E3A0AE6D1DF703760018CC80 /* LYNavigationController.swift in Sources */,
				E3A0AE761DFA51810018CC80 /* UIColor-Extension.swift in Sources */,
				E3A0AE781DFA6F180018CC80 /* LYPageContentView.swift in Sources */,
				E3A0AE721DFA3EB30018CC80 /* LYCommon.swift in Sources */,
				E3A0AE6B1DF6FAD50018CC80 /* UIBarButtonItem-Extension.swift in Sources */,
				E3F3F0801D9572DD00B4CAF3 /* AppDelegate.swift in Sources */,
				E30A9C871DFC0BA700C13054 /* LYPhoneGameController.swift in Sources */,
				E30A9C851DFBFFF700C13054 /* LYRecommendController.swift in Sources */,
				E30A9C8F1DFC0CBA00C13054 /* LYBaseAnchorViewController.swift in Sources */,
				E30A9C8D1DFC0C0800C13054 /* LYFunnyViewController.swift in Sources */,
				E3A0AE741DFA46A50018CC80 /* LYPageTitleView.swift in Sources */,
				E30A9C891DFC0BED00C13054 /* LYAmuseController.swift in Sources */,
				E3A0AE691DF6C1B00018CC80 /* LYHomeViewController.swift in Sources */,
				E3A0AE641DF6C10C0018CC80 /* LYRootViewController.swift in Sources */,
			);
			runOnlyForDeploymentPostprocessing = 0;
		};
/* End PBXSourcesBuildPhase section */

/* Begin PBXVariantGroup section */
		E3F3F0881D9572DD00B4CAF3 /* LaunchScreen.storyboard */ = {
			isa = PBXVariantGroup;
			children = (
				E3F3F0891D9572DD00B4CAF3 /* Base */,
			);
			name = LaunchScreen.storyboard;
			sourceTree = "<group>";
		};
/* End PBXVariantGroup section */

/* Begin XCBuildConfiguration section */
		E3F3F08C1D9572DD00B4CAF3 /* Debug */ = {
			isa = XCBuildConfiguration;
			buildSettings = {
				ALWAYS_SEARCH_USER_PATHS = NO;
				CLANG_ANALYZER_NONNULL = YES;
				CLANG_CXX_LANGUAGE_STANDARD = "gnu++0x";
				CLANG_CXX_LIBRARY = "libc++";
				CLANG_ENABLE_MODULES = YES;
				CLANG_ENABLE_OBJC_ARC = YES;
				CLANG_WARN_BOOL_CONVERSION = YES;
				CLANG_WARN_CONSTANT_CONVERSION = YES;
				CLANG_WARN_DIRECT_OBJC_ISA_USAGE = YES_ERROR;
				CLANG_WARN_EMPTY_BODY = YES;
				CLANG_WARN_ENUM_CONVERSION = YES;
				CLANG_WARN_INT_CONVERSION = YES;
				CLANG_WARN_OBJC_ROOT_CLASS = YES_ERROR;
				CLANG_WARN_UNREACHABLE_CODE = YES;
				CLANG_WARN__DUPLICATE_METHOD_MATCH = YES;
				"CODE_SIGN_IDENTITY[sdk=iphoneos*]" = "iPhone Developer";
				COPY_PHASE_STRIP = NO;
				DEBUG_INFORMATION_FORMAT = dwarf;
				ENABLE_STRICT_OBJC_MSGSEND = YES;
				ENABLE_TESTABILITY = YES;
				GCC_C_LANGUAGE_STANDARD = gnu99;
				GCC_DYNAMIC_NO_PIC = NO;
				GCC_NO_COMMON_BLOCKS = YES;
				GCC_OPTIMIZATION_LEVEL = 0;
				GCC_PREPROCESSOR_DEFINITIONS = (
					"DEBUG=1",
					"$(inherited)",
				);
				GCC_WARN_64_TO_32_BIT_CONVERSION = YES;
				GCC_WARN_ABOUT_RETURN_TYPE = YES_ERROR;
				GCC_WARN_UNDECLARED_SELECTOR = YES;
				GCC_WARN_UNINITIALIZED_AUTOS = YES_AGGRESSIVE;
				GCC_WARN_UNUSED_FUNCTION = YES;
				GCC_WARN_UNUSED_VARIABLE = YES;
				IPHONEOS_DEPLOYMENT_TARGET = 9.3;
				MTL_ENABLE_DEBUG_INFO = YES;
				ONLY_ACTIVE_ARCH = YES;
				SDKROOT = iphoneos;
				SWIFT_OPTIMIZATION_LEVEL = "-Onone";
			};
			name = Debug;
		};
		E3F3F08D1D9572DD00B4CAF3 /* Release */ = {
			isa = XCBuildConfiguration;
			buildSettings = {
				ALWAYS_SEARCH_USER_PATHS = NO;
				CLANG_ANALYZER_NONNULL = YES;
				CLANG_CXX_LANGUAGE_STANDARD = "gnu++0x";
				CLANG_CXX_LIBRARY = "libc++";
				CLANG_ENABLE_MODULES = YES;
				CLANG_ENABLE_OBJC_ARC = YES;
				CLANG_WARN_BOOL_CONVERSION = YES;
				CLANG_WARN_CONSTANT_CONVERSION = YES;
				CLANG_WARN_DIRECT_OBJC_ISA_USAGE = YES_ERROR;
				CLANG_WARN_EMPTY_BODY = YES;
				CLANG_WARN_ENUM_CONVERSION = YES;
				CLANG_WARN_INT_CONVERSION = YES;
				CLANG_WARN_OBJC_ROOT_CLASS = YES_ERROR;
				CLANG_WARN_UNREACHABLE_CODE = YES;
				CLANG_WARN__DUPLICATE_METHOD_MATCH = YES;
				"CODE_SIGN_IDENTITY[sdk=iphoneos*]" = "iPhone Developer";
				COPY_PHASE_STRIP = NO;
				DEBUG_INFORMATION_FORMAT = "dwarf-with-dsym";
				ENABLE_NS_ASSERTIONS = NO;
				ENABLE_STRICT_OBJC_MSGSEND = YES;
				GCC_C_LANGUAGE_STANDARD = gnu99;
				GCC_NO_COMMON_BLOCKS = YES;
				GCC_WARN_64_TO_32_BIT_CONVERSION = YES;
				GCC_WARN_ABOUT_RETURN_TYPE = YES_ERROR;
				GCC_WARN_UNDECLARED_SELECTOR = YES;
				GCC_WARN_UNINITIALIZED_AUTOS = YES_AGGRESSIVE;
				GCC_WARN_UNUSED_FUNCTION = YES;
				GCC_WARN_UNUSED_VARIABLE = YES;
				IPHONEOS_DEPLOYMENT_TARGET = 9.3;
				MTL_ENABLE_DEBUG_INFO = NO;
				SDKROOT = iphoneos;
				VALIDATE_PRODUCT = YES;
			};
			name = Release;
		};
		E3F3F08F1D9572DD00B4CAF3 /* Debug */ = {
			isa = XCBuildConfiguration;
			baseConfigurationReference = 7B2434F77F8CFFC81E817C72 /* Pods-Live.debug.xcconfig */;
			buildSettings = {
				ASSETCATALOG_COMPILER_APPICON_NAME = AppIcon;
				ASSETCATALOG_COMPILER_LAUNCHIMAGE_NAME = "Brand Assets";
				INFOPLIST_FILE = Live/Info.plist;
				LD_RUNPATH_SEARCH_PATHS = "$(inherited) @executable_path/Frameworks";
				PRODUCT_BUNDLE_IDENTIFIER = com.luyu.Live;
				PRODUCT_NAME = "$(TARGET_NAME)";
				SWIFT_VERSION = 3.0;
			};
			name = Debug;
		};
		E3F3F0901D9572DD00B4CAF3 /* Release */ = {
			isa = XCBuildConfiguration;
			baseConfigurationReference = 6FCF3F1E92E9744F5E4020F7 /* Pods-Live.release.xcconfig */;
			buildSettings = {
				ASSETCATALOG_COMPILER_APPICON_NAME = AppIcon;
				ASSETCATALOG_COMPILER_LAUNCHIMAGE_NAME = "Brand Assets";
				INFOPLIST_FILE = Live/Info.plist;
				LD_RUNPATH_SEARCH_PATHS = "$(inherited) @executable_path/Frameworks";
				PRODUCT_BUNDLE_IDENTIFIER = com.luyu.Live;
				PRODUCT_NAME = "$(TARGET_NAME)";
				SWIFT_VERSION = 3.0;
			};
			name = Release;
		};
/* End XCBuildConfiguration section */

/* Begin XCConfigurationList section */
		E3F3F0771D9572DD00B4CAF3 /* Build configuration list for PBXProject "Live" */ = {
			isa = XCConfigurationList;
			buildConfigurations = (
				E3F3F08C1D9572DD00B4CAF3 /* Debug */,
				E3F3F08D1D9572DD00B4CAF3 /* Release */,
			);
			defaultConfigurationIsVisible = 0;
			defaultConfigurationName = Release;
		};
		E3F3F08E1D9572DD00B4CAF3 /* Build configuration list for PBXNativeTarget "Live" */ = {
			isa = XCConfigurationList;
			buildConfigurations = (
				E3F3F08F1D9572DD00B4CAF3 /* Debug */,
				E3F3F0901D9572DD00B4CAF3 /* Release */,
			);
			defaultConfigurationIsVisible = 0;
			defaultConfigurationName = Release;
		};
/* End XCConfigurationList section */
	};
	rootObject = E3F3F0741D9572DD00B4CAF3 /* Project object */;
}
