// !$*UTF8*$!
{
	archiveVersion = 1;
	classes = {
	};
	objectVersion = 46;
	objects = {

/* Begin PBXBuildFile section */
		E30EA1A61D9920FC00FD5377 /* LYNavigationController.swift in Sources */ = {isa = PBXBuildFile; fileRef = E30EA1A41D9920FC00FD5377 /* LYNavigationController.swift */; };
		E30EA1A71D9920FC00FD5377 /* LYTabBarController.swift in Sources */ = {isa = PBXBuildFile; fileRef = E30EA1A51D9920FC00FD5377 /* LYTabBarController.swift */; };
		E30EA1A91D99212C00FD5377 /* LYHomeViewController.swift in Sources */ = {isa = PBXBuildFile; fileRef = E30EA1A81D99212C00FD5377 /* LYHomeViewController.swift */; };
		E398D2A21D9A61210091873F /* UIBarButtonItem-Extension.swift in Sources */ = {isa = PBXBuildFile; fileRef = E398D2A11D9A61210091873F /* UIBarButtonItem-Extension.swift */; };
		E3F3F0801D9572DD00B4CAF3 /* AppDelegate.swift in Sources */ = {isa = PBXBuildFile; fileRef = E3F3F07F1D9572DD00B4CAF3 /* AppDelegate.swift */; };
		E3F3F0871D9572DD00B4CAF3 /* Assets.xcassets in Resources */ = {isa = PBXBuildFile; fileRef = E3F3F0861D9572DD00B4CAF3 /* Assets.xcassets */; };
		E3F3F08A1D9572DD00B4CAF3 /* LaunchScreen.storyboard in Resources */ = {isa = PBXBuildFile; fileRef = E3F3F0881D9572DD00B4CAF3 /* LaunchScreen.storyboard */; };
/* End PBXBuildFile section */

/* Begin PBXFileReference section */
		E30EA1A41D9920FC00FD5377 /* LYNavigationController.swift */ = {isa = PBXFileReference; fileEncoding = 4; lastKnownFileType = sourcecode.swift; path = LYNavigationController.swift; sourceTree = "<group>"; };
		E30EA1A51D9920FC00FD5377 /* LYTabBarController.swift */ = {isa = PBXFileReference; fileEncoding = 4; lastKnownFileType = sourcecode.swift; path = LYTabBarController.swift; sourceTree = "<group>"; };
		E30EA1A81D99212C00FD5377 /* LYHomeViewController.swift */ = {isa = PBXFileReference; fileEncoding = 4; lastKnownFileType = sourcecode.swift; path = LYHomeViewController.swift; sourceTree = "<group>"; };
		E398D2A11D9A61210091873F /* UIBarButtonItem-Extension.swift */ = {isa = PBXFileReference; fileEncoding = 4; lastKnownFileType = sourcecode.swift; path = "UIBarButtonItem-Extension.swift"; sourceTree = "<group>"; };
		E3F3F07C1D9572DD00B4CAF3 /* Live.app */ = {isa = PBXFileReference; explicitFileType = wrapper.application; includeInIndex = 0; path = Live.app; sourceTree = BUILT_PRODUCTS_DIR; };
		E3F3F07F1D9572DD00B4CAF3 /* AppDelegate.swift */ = {isa = PBXFileReference; lastKnownFileType = sourcecode.swift; path = AppDelegate.swift; sourceTree = "<group>"; };
		E3F3F0861D9572DD00B4CAF3 /* Assets.xcassets */ = {isa = PBXFileReference; lastKnownFileType = folder.assetcatalog; path = Assets.xcassets; sourceTree = "<group>"; };
		E3F3F0891D9572DD00B4CAF3 /* Base */ = {isa = PBXFileReference; lastKnownFileType = file.storyboard; name = Base; path = Base.lproj/LaunchScreen.storyboard; sourceTree = "<group>"; };
		E3F3F08B1D9572DD00B4CAF3 /* Info.plist */ = {isa = PBXFileReference; lastKnownFileType = text.plist.xml; path = Info.plist; sourceTree = "<group>"; };
/* End PBXFileReference section */

/* Begin PBXFrameworksBuildPhase section */
		E3F3F0791D9572DD00B4CAF3 /* Frameworks */ = {
			isa = PBXFrameworksBuildPhase;
			buildActionMask = 2147483647;
			files = (
			);
			runOnlyForDeploymentPostprocessing = 0;
		};
/* End PBXFrameworksBuildPhase section */

/* Begin PBXGroup section */
		E398D2A01D9A61000091873F /* Extension */ = {
			isa = PBXGroup;
			children = (
				E398D2A11D9A61210091873F /* UIBarButtonItem-Extension.swift */,
			);
			path = Extension;
			sourceTree = "<group>";
		};
		E3F3F0731D9572DD00B4CAF3 = {
			isa = PBXGroup;
			children = (
				E3F3F07E1D9572DD00B4CAF3 /* Live */,
				E3F3F07D1D9572DD00B4CAF3 /* Products */,
			);
			sourceTree = "<group>";
		};
		E3F3F07D1D9572DD00B4CAF3 /* Products */ = {
			isa = PBXGroup;
			children = (
				E3F3F07C1D9572DD00B4CAF3 /* Live.app */,
			);
			name = Products;
			sourceTree = "<group>";
		};
		E3F3F07E1D9572DD00B4CAF3 /* Live */ = {
			isa = PBXGroup;
			children = (
				E3F3F0911D957FA700B4CAF3 /* Class */,
				E3F3F07F1D9572DD00B4CAF3 /* AppDelegate.swift */,
				E3F3F0861D9572DD00B4CAF3 /* Assets.xcassets */,
				E3F3F0881D9572DD00B4CAF3 /* LaunchScreen.storyboard */,
				E3F3F08B1D9572DD00B4CAF3 /* Info.plist */,
			);
			path = Live;
			sourceTree = "<group>";
		};
		E3F3F0911D957FA700B4CAF3 /* Class */ = {
			isa = PBXGroup;
			children = (
				E3F3F0921D957FA700B4CAF3 /* Follow */,
				E3F3F0961D957FA700B4CAF3 /* Home */,
				E3F3F09A1D957FA700B4CAF3 /* Live */,
				E3F3F09E1D957FA700B4CAF3 /* Main */,
				E3F3F0A21D957FA700B4CAF3 /* Profile */,
				E3F3F0A61D957FA700B4CAF3 /* Tool */,
			);
			path = Class;
			sourceTree = "<group>";
		};
		E3F3F0921D957FA700B4CAF3 /* Follow */ = {
			isa = PBXGroup;
			children = (
				E3F3F0931D957FA700B4CAF3 /* Controller */,
				E3F3F0941D957FA700B4CAF3 /* Model */,
				E3F3F0951D957FA700B4CAF3 /* View */,
			);
			path = Follow;
			sourceTree = "<group>";
		};
		E3F3F0931D957FA700B4CAF3 /* Controller */ = {
			isa = PBXGroup;
			children = (
			);
			path = Controller;
			sourceTree = "<group>";
		};
		E3F3F0941D957FA700B4CAF3 /* Model */ = {
			isa = PBXGroup;
			children = (
			);
			path = Model;
			sourceTree = "<group>";
		};
		E3F3F0951D957FA700B4CAF3 /* View */ = {
			isa = PBXGroup;
			children = (
			);
			path = View;
			sourceTree = "<group>";
		};
		E3F3F0961D957FA700B4CAF3 /* Home */ = {
			isa = PBXGroup;
			children = (
				E3F3F0971D957FA700B4CAF3 /* Controller */,
				E3F3F0981D957FA700B4CAF3 /* Model */,
				E3F3F0991D957FA700B4CAF3 /* View */,
			);
			path = Home;
			sourceTree = "<group>";
		};
		E3F3F0971D957FA700B4CAF3 /* Controller */ = {
			isa = PBXGroup;
			children = (
				E30EA1A81D99212C00FD5377 /* LYHomeViewController.swift */,
			);
			path = Controller;
			sourceTree = "<group>";
		};
		E3F3F0981D957FA700B4CAF3 /* Model */ = {
			isa = PBXGroup;
			children = (
			);
			path = Model;
			sourceTree = "<group>";
		};
		E3F3F0991D957FA700B4CAF3 /* View */ = {
			isa = PBXGroup;
			children = (
			);
			path = View;
			sourceTree = "<group>";
		};
		E3F3F09A1D957FA700B4CAF3 /* Live */ = {
			isa = PBXGroup;
			children = (
				E3F3F09B1D957FA700B4CAF3 /* Controller */,
				E3F3F09C1D957FA700B4CAF3 /* Model */,
				E3F3F09D1D957FA700B4CAF3 /* View */,
			);
			path = Live;
			sourceTree = "<group>";
		};
		E3F3F09B1D957FA700B4CAF3 /* Controller */ = {
			isa = PBXGroup;
			children = (
			);
			path = Controller;
			sourceTree = "<group>";
		};
		E3F3F09C1D957FA700B4CAF3 /* Model */ = {
			isa = PBXGroup;
			children = (
			);
			path = Model;
			sourceTree = "<group>";
		};
		E3F3F09D1D957FA700B4CAF3 /* View */ = {
			isa = PBXGroup;
			children = (
			);
			path = View;
			sourceTree = "<group>";
		};
		E3F3F09E1D957FA700B4CAF3 /* Main */ = {
			isa = PBXGroup;
			children = (
				E3F3F09F1D957FA700B4CAF3 /* Controller */,
				E3F3F0A01D957FA700B4CAF3 /* Model */,
				E3F3F0A11D957FA700B4CAF3 /* View */,
			);
			path = Main;
			sourceTree = "<group>";
		};
		E3F3F09F1D957FA700B4CAF3 /* Controller */ = {
			isa = PBXGroup;
			children = (
				E30EA1A41D9920FC00FD5377 /* LYNavigationController.swift */,
				E30EA1A51D9920FC00FD5377 /* LYTabBarController.swift */,
			);
			path = Controller;
			sourceTree = "<group>";
		};
		E3F3F0A01D957FA700B4CAF3 /* Model */ = {
			isa = PBXGroup;
			children = (
			);
			path = Model;
			sourceTree = "<group>";
		};
		E3F3F0A11D957FA700B4CAF3 /* View */ = {
			isa = PBXGroup;
			children = (
			);
			path = View;
			sourceTree = "<group>";
		};
		E3F3F0A21D957FA700B4CAF3 /* Profile */ = {
			isa = PBXGroup;
			children = (
				E3F3F0A31D957FA700B4CAF3 /* Controller */,
				E3F3F0A41D957FA700B4CAF3 /* Model */,
				E3F3F0A51D957FA700B4CAF3 /* View */,
			);
			path = Profile;
			sourceTree = "<group>";
		};
		E3F3F0A31D957FA700B4CAF3 /* Controller */ = {
			isa = PBXGroup;
			children = (
			);
			path = Controller;
			sourceTree = "<group>";
		};
		E3F3F0A41D957FA700B4CAF3 /* Model */ = {
			isa = PBXGroup;
			children = (
			);
			path = Model;
			sourceTree = "<group>";
		};
		E3F3F0A51D957FA700B4CAF3 /* View */ = {
			isa = PBXGroup;
			children = (
			);
			path = View;
			sourceTree = "<group>";
		};
		E3F3F0A61D957FA700B4CAF3 /* Tool */ = {
			isa = PBXGroup;
			children = (
				E398D2A01D9A61000091873F /* Extension */,
			);
			path = Tool;
			sourceTree = "<group>";
		};
/* End PBXGroup section */

/* Begin PBXNativeTarget section */
		E3F3F07B1D9572DD00B4CAF3 /* Live */ = {
			isa = PBXNativeTarget;
			buildConfigurationList = E3F3F08E1D9572DD00B4CAF3 /* Build configuration list for PBXNativeTarget "Live" */;
			buildPhases = (
				E3F3F0781D9572DD00B4CAF3 /* Sources */,
				E3F3F0791D9572DD00B4CAF3 /* Frameworks */,
				E3F3F07A1D9572DD00B4CAF3 /* Resources */,
			);
			buildRules = (
			);
			dependencies = (
			);
			name = Live;
			productName = Live;
			productReference = E3F3F07C1D9572DD00B4CAF3 /* Live.app */;
			productType = "com.apple.product-type.application";
		};
/* End PBXNativeTarget section */

/* Begin PBXProject section */
		E3F3F0741D9572DD00B4CAF3 /* Project object */ = {
			isa = PBXProject;
			attributes = {
				CLASSPREFIX = LY;
				LastSwiftUpdateCheck = 0730;
				LastUpgradeCheck = 0730;
				ORGANIZATIONNAME = luyu;
				TargetAttributes = {
					E3F3F07B1D9572DD00B4CAF3 = {
						CreatedOnToolsVersion = 7.3.1;
					};
				};
			};
			buildConfigurationList = E3F3F0771D9572DD00B4CAF3 /* Build configuration list for PBXProject "Live" */;
			compatibilityVersion = "Xcode 3.2";
			developmentRegion = English;
			hasScannedForEncodings = 0;
			knownRegions = (
				en,
				Base,
			);
			mainGroup = E3F3F0731D9572DD00B4CAF3;
			productRefGroup = E3F3F07D1D9572DD00B4CAF3 /* Products */;
			projectDirPath = "";
			projectRoot = "";
			targets = (
				E3F3F07B1D9572DD00B4CAF3 /* Live */,
			);
		};
/* End PBXProject section */

/* Begin PBXResourcesBuildPhase section */
		E3F3F07A1D9572DD00B4CAF3 /* Resources */ = {
			isa = PBXResourcesBuildPhase;
			buildActionMask = 2147483647;
			files = (
				E3F3F08A1D9572DD00B4CAF3 /* LaunchScreen.storyboard in Resources */,
				E3F3F0871D9572DD00B4CAF3 /* Assets.xcassets in Resources */,
			);
			runOnlyForDeploymentPostprocessing = 0;
		};
/* End PBXResourcesBuildPhase section */

/* Begin PBXSourcesBuildPhase section */
		E3F3F0781D9572DD00B4CAF3 /* Sources */ = {
			isa = PBXSourcesBuildPhase;
			buildActionMask = 2147483647;
			files = (
				E398D2A21D9A61210091873F /* UIBarButtonItem-Extension.swift in Sources */,
				E30EA1A61D9920FC00FD5377 /* LYNavigationController.swift in Sources */,
				E3F3F0801D9572DD00B4CAF3 /* AppDelegate.swift in Sources */,
				E30EA1A91D99212C00FD5377 /* LYHomeViewController.swift in Sources */,
				E30EA1A71D9920FC00FD5377 /* LYTabBarController.swift in Sources */,
			);
			runOnlyForDeploymentPostprocessing = 0;
		};
/* End PBXSourcesBuildPhase section */

/* Begin PBXVariantGroup section */
		E3F3F0881D9572DD00B4CAF3 /* LaunchScreen.storyboard */ = {
			isa = PBXVariantGroup;
			children = (
				E3F3F0891D9572DD00B4CAF3 /* Base */,
			);
			name = LaunchScreen.storyboard;
			sourceTree = "<group>";
		};
/* End PBXVariantGroup section */

/* Begin XCBuildConfiguration section */
		E3F3F08C1D9572DD00B4CAF3 /* Debug */ = {
			isa = XCBuildConfiguration;
			buildSettings = {
				ALWAYS_SEARCH_USER_PATHS = NO;
				CLANG_ANALYZER_NONNULL = YES;
				CLANG_CXX_LANGUAGE_STANDARD = "gnu++0x";
				CLANG_CXX_LIBRARY = "libc++";
				CLANG_ENABLE_MODULES = YES;
				CLANG_ENABLE_OBJC_ARC = YES;
				CLANG_WARN_BOOL_CONVERSION = YES;
				CLANG_WARN_CONSTANT_CONVERSION = YES;
				CLANG_WARN_DIRECT_OBJC_ISA_USAGE = YES_ERROR;
				CLANG_WARN_EMPTY_BODY = YES;
				CLANG_WARN_ENUM_CONVERSION = YES;
				CLANG_WARN_INT_CONVERSION = YES;
				CLANG_WARN_OBJC_ROOT_CLASS = YES_ERROR;
				CLANG_WARN_UNREACHABLE_CODE = YES;
				CLANG_WARN__DUPLICATE_METHOD_MATCH = YES;
				"CODE_SIGN_IDENTITY[sdk=iphoneos*]" = "iPhone Developer";
				COPY_PHASE_STRIP = NO;
				DEBUG_INFORMATION_FORMAT = dwarf;
				ENABLE_STRICT_OBJC_MSGSEND = YES;
				ENABLE_TESTABILITY = YES;
				GCC_C_LANGUAGE_STANDARD = gnu99;
				GCC_DYNAMIC_NO_PIC = NO;
				GCC_NO_COMMON_BLOCKS = YES;
				GCC_OPTIMIZATION_LEVEL = 0;
				GCC_PREPROCESSOR_DEFINITIONS = (
					"DEBUG=1",
					"$(inherited)",
				);
				GCC_WARN_64_TO_32_BIT_CONVERSION = YES;
				GCC_WARN_ABOUT_RETURN_TYPE = YES_ERROR;
				GCC_WARN_UNDECLARED_SELECTOR = YES;
				GCC_WARN_UNINITIALIZED_AUTOS = YES_AGGRESSIVE;
				GCC_WARN_UNUSED_FUNCTION = YES;
				GCC_WARN_UNUSED_VARIABLE = YES;
				IPHONEOS_DEPLOYMENT_TARGET = 9.3;
				MTL_ENABLE_DEBUG_INFO = YES;
				ONLY_ACTIVE_ARCH = YES;
				SDKROOT = iphoneos;
				SWIFT_OPTIMIZATION_LEVEL = "-Onone";
			};
			name = Debug;
		};
		E3F3F08D1D9572DD00B4CAF3 /* Release */ = {
			isa = XCBuildConfiguration;
			buildSettings = {
				ALWAYS_SEARCH_USER_PATHS = NO;
				CLANG_ANALYZER_NONNULL = YES;
				CLANG_CXX_LANGUAGE_STANDARD = "gnu++0x";
				CLANG_CXX_LIBRARY = "libc++";
				CLANG_ENABLE_MODULES = YES;
				CLANG_ENABLE_OBJC_ARC = YES;
				CLANG_WARN_BOOL_CONVERSION = YES;
				CLANG_WARN_CONSTANT_CONVERSION = YES;
				CLANG_WARN_DIRECT_OBJC_ISA_USAGE = YES_ERROR;
				CLANG_WARN_EMPTY_BODY = YES;
				CLANG_WARN_ENUM_CONVERSION = YES;
				CLANG_WARN_INT_CONVERSION = YES;
				CLANG_WARN_OBJC_ROOT_CLASS = YES_ERROR;
				CLANG_WARN_UNREACHABLE_CODE = YES;
				CLANG_WARN__DUPLICATE_METHOD_MATCH = YES;
				"CODE_SIGN_IDENTITY[sdk=iphoneos*]" = "iPhone Developer";
				COPY_PHASE_STRIP = NO;
				DEBUG_INFORMATION_FORMAT = "dwarf-with-dsym";
				ENABLE_NS_ASSERTIONS = NO;
				ENABLE_STRICT_OBJC_MSGSEND = YES;
				GCC_C_LANGUAGE_STANDARD = gnu99;
				GCC_NO_COMMON_BLOCKS = YES;
				GCC_WARN_64_TO_32_BIT_CONVERSION = YES;
				GCC_WARN_ABOUT_RETURN_TYPE = YES_ERROR;
				GCC_WARN_UNDECLARED_SELECTOR = YES;
				GCC_WARN_UNINITIALIZED_AUTOS = YES_AGGRESSIVE;
				GCC_WARN_UNUSED_FUNCTION = YES;
				GCC_WARN_UNUSED_VARIABLE = YES;
				IPHONEOS_DEPLOYMENT_TARGET = 9.3;
				MTL_ENABLE_DEBUG_INFO = NO;
				SDKROOT = iphoneos;
				VALIDATE_PRODUCT = YES;
			};
			name = Release;
		};
		E3F3F08F1D9572DD00B4CAF3 /* Debug */ = {
			isa = XCBuildConfiguration;
			buildSettings = {
				ASSETCATALOG_COMPILER_APPICON_NAME = AppIcon;
				ASSETCATALOG_COMPILER_LAUNCHIMAGE_NAME = "Brand Assets";
				INFOPLIST_FILE = Live/Info.plist;
				LD_RUNPATH_SEARCH_PATHS = "$(inherited) @executable_path/Frameworks";
				PRODUCT_BUNDLE_IDENTIFIER = com.luyu.Live;
				PRODUCT_NAME = "$(TARGET_NAME)";
			};
			name = Debug;
		};
		E3F3F0901D9572DD00B4CAF3 /* Release */ = {
			isa = XCBuildConfiguration;
			buildSettings = {
				ASSETCATALOG_COMPILER_APPICON_NAME = AppIcon;
				ASSETCATALOG_COMPILER_LAUNCHIMAGE_NAME = "Brand Assets";
				INFOPLIST_FILE = Live/Info.plist;
				LD_RUNPATH_SEARCH_PATHS = "$(inherited) @executable_path/Frameworks";
				PRODUCT_BUNDLE_IDENTIFIER = com.luyu.Live;
				PRODUCT_NAME = "$(TARGET_NAME)";
			};
			name = Release;
		};
/* End XCBuildConfiguration section */

/* Begin XCConfigurationList section */
		E3F3F0771D9572DD00B4CAF3 /* Build configuration list for PBXProject "Live" */ = {
			isa = XCConfigurationList;
			buildConfigurations = (
				E3F3F08C1D9572DD00B4CAF3 /* Debug */,
				E3F3F08D1D9572DD00B4CAF3 /* Release */,
			);
			defaultConfigurationIsVisible = 0;
			defaultConfigurationName = Release;
		};
		E3F3F08E1D9572DD00B4CAF3 /* Build configuration list for PBXNativeTarget "Live" */ = {
			isa = XCConfigurationList;
			buildConfigurations = (
				E3F3F08F1D9572DD00B4CAF3 /* Debug */,
				E3F3F0901D9572DD00B4CAF3 /* Release */,
			);
			defaultConfigurationIsVisible = 0;
			defaultConfigurationName = Release;
		};
/* End XCConfigurationList section */
	};
	rootObject = E3F3F0741D9572DD00B4CAF3 /* Project object */;
}
